
Microsoft Visual Studio Solution File, Format Version 12.00
# Visual Studio Version 17
VisualStudioVersion = 17.0.31903.59
MinimumVisualStudioVersion = 10.0.40219.1
Project("{FAE04EC0-301F-11D3-BF4B-00C04F79EFBC}") = "AntlrParser", "AntlrParser\AntlrParser.csproj", "{E25B8796-D727-483A-B65F-01EBB810EF3B}"
EndProject
Project("{FAE04EC0-301F-11D3-BF4B-00C04F79EFBC}") = "AntlrParserTests", "AntlrParserTests\AntlrParserTests.csproj", "{ECA0231B-AB5A-4B29-B7D3-385246C61DA0}"
EndProject
Global
	GlobalSection(SolutionConfigurationPlatforms) = preSolution
		Debug|Any CPU = Debug|Any CPU
		Release|Any CPU = Release|Any CPU
	EndGlobalSection
	GlobalSection(SolutionProperties) = preSolution
		HideSolutionNode = FALSE
	EndGlobalSection
	GlobalSection(ProjectConfigurationPlatforms) = postSolution
		{E25B8796-D727-483A-B65F-01EBB810EF3B}.Debug|Any CPU.ActiveCfg = Debug|Any CPU
		{E25B8796-D727-483A-B65F-01EBB810EF3B}.Debug|Any CPU.Build.0 = Debug|Any CPU
		{E25B8796-D727-483A-B65F-01EBB810EF3B}.Release|Any CPU.ActiveCfg = Release|Any CPU
		{E25B8796-D727-483A-B65F-01EBB810EF3B}.Release|Any CPU.Build.0 = Release|Any CPU
		{ECA0231B-AB5A-4B29-B7D3-385246C61DA0}.Debug|Any CPU.ActiveCfg = Debug|Any CPU
		{ECA0231B-AB5A-4B29-B7D3-385246C61DA0}.Debug|Any CPU.Build.0 = Debug|Any CPU
		{ECA0231B-AB5A-4B29-B7D3-385246C61DA0}.Release|Any CPU.ActiveCfg = Release|Any CPU
		{ECA0231B-AB5A-4B29-B7D3-385246C61DA0}.Release|Any CPU.Build.0 = Release|Any CPU
	EndGlobalSection
EndGlobal
